// !$*UTF8*$!
{
	archiveVersion = 1;
	classes = {
	};
	objectVersion = 50;
	objects = {

/* Begin PBXBuildFile section */
		C20AAD01233E51BD004B1248 /* GameSetupViewController.swift in Sources */ = {isa = PBXBuildFile; fileRef = C20AAD00233E51BD004B1248 /* GameSetupViewController.swift */; };
		C28697D5233912F800885A42 /* AppDelegate.swift in Sources */ = {isa = PBXBuildFile; fileRef = C28697D4233912F800885A42 /* AppDelegate.swift */; };
		C28697D7233912F800885A42 /* ViewController.swift in Sources */ = {isa = PBXBuildFile; fileRef = C28697D6233912F800885A42 /* ViewController.swift */; };
		C28697DA233912F800885A42 /* Main.storyboard in Resources */ = {isa = PBXBuildFile; fileRef = C28697D8233912F800885A42 /* Main.storyboard */; };
		C28697DC233912FA00885A42 /* Assets.xcassets in Resources */ = {isa = PBXBuildFile; fileRef = C28697DB233912FA00885A42 /* Assets.xcassets */; };
		C28697DF233912FA00885A42 /* LaunchScreen.storyboard in Resources */ = {isa = PBXBuildFile; fileRef = C28697DD233912FA00885A42 /* LaunchScreen.storyboard */; };
/* End PBXBuildFile section */

/* Begin PBXFileReference section */
		C20AAD00233E51BD004B1248 /* GameSetupViewController.swift */ = {isa = PBXFileReference; lastKnownFileType = sourcecode.swift; path = GameSetupViewController.swift; sourceTree = "<group>"; };
		C28697D1233912F800885A42 /* Pig_Roulette.app */ = {isa = PBXFileReference; explicitFileType = wrapper.application; includeInIndex = 0; path = Pig_Roulette.app; sourceTree = BUILT_PRODUCTS_DIR; };
		C28697D4233912F800885A42 /* AppDelegate.swift */ = {isa = PBXFileReference; lastKnownFileType = sourcecode.swift; path = AppDelegate.swift; sourceTree = "<group>"; };
		C28697D6233912F800885A42 /* ViewController.swift */ = {isa = PBXFileReference; lastKnownFileType = sourcecode.swift; path = ViewController.swift; sourceTree = "<group>"; };
		C28697D9233912F800885A42 /* Base */ = {isa = PBXFileReference; lastKnownFileType = file.storyboard; name = Base; path = Base.lproj/Main.storyboard; sourceTree = "<group>"; };
		C28697DB233912FA00885A42 /* Assets.xcassets */ = {isa = PBXFileReference; lastKnownFileType = folder.assetcatalog; path = Assets.xcassets; sourceTree = "<group>"; };
		C28697DE233912FA00885A42 /* Base */ = {isa = PBXFileReference; lastKnownFileType = file.storyboard; name = Base; path = Base.lproj/LaunchScreen.storyboard; sourceTree = "<group>"; };
		C28697E0233912FA00885A42 /* Info.plist */ = {isa = PBXFileReference; lastKnownFileType = text.plist.xml; path = Info.plist; sourceTree = "<group>"; };
/* End PBXFileReference section */

/* Begin PBXFrameworksBuildPhase section */
		C28697CE233912F800885A42 /* Frameworks */ = {
			isa = PBXFrameworksBuildPhase;
			buildActionMask = 2147483647;
			files = (
			);
			runOnlyForDeploymentPostprocessing = 0;
		};
/* End PBXFrameworksBuildPhase section */

/* Begin PBXGroup section */
		C28697C8233912F800885A42 = {
			isa = PBXGroup;
			children = (
				C28697D3233912F800885A42 /* Pig_Roulette */,
				C28697D2233912F800885A42 /* Products */,
			);
			sourceTree = "<group>";
		};
		C28697D2233912F800885A42 /* Products */ = {
			isa = PBXGroup;
			children = (
				C28697D1233912F800885A42 /* Pig_Roulette.app */,
			);
			name = Products;
			sourceTree = "<group>";
		};
		C28697D3233912F800885A42 /* Pig_Roulette */ = {
			isa = PBXGroup;
			children = (
				C28697D4233912F800885A42 /* AppDelegate.swift */,
				C28697D6233912F800885A42 /* ViewController.swift */,
				C28697D8233912F800885A42 /* Main.storyboard */,
				C28697DB233912FA00885A42 /* Assets.xcassets */,
				C28697DD233912FA00885A42 /* LaunchScreen.storyboard */,
				C28697E0233912FA00885A42 /* Info.plist */,
				C20AAD00233E51BD004B1248 /* GameSetupViewController.swift */,
			);
			path = Pig_Roulette;
			sourceTree = "<group>";
		};
/* End PBXGroup section */

/* Begin PBXNativeTarget section */
		C28697D0233912F800885A42 /* Pig_Roulette */ = {
			isa = PBXNativeTarget;
			buildConfigurationList = C28697E3233912FA00885A42 /* Build configuration list for PBXNativeTarget "Pig_Roulette" */;
			buildPhases = (
				C28697CD233912F800885A42 /* Sources */,
				C28697CE233912F800885A42 /* Frameworks */,
				C28697CF233912F800885A42 /* Resources */,
			);
			buildRules = (
			);
			dependencies = (
			);
			name = Pig_Roulette;
			productName = Pig_Roulette;
			productReference = C28697D1233912F800885A42 /* Pig_Roulette.app */;
			productType = "com.apple.product-type.application";
		};
/* End PBXNativeTarget section */

/* Begin PBXProject section */
		C28697C9233912F800885A42 /* Project object */ = {
			isa = PBXProject;
			attributes = {
				LastSwiftUpdateCheck = 1030;
				LastUpgradeCheck = 1030;
				ORGANIZATIONNAME = "Vadlakonda, Sujay V";
				TargetAttributes = {
					C28697D0233912F800885A42 = {
						CreatedOnToolsVersion = 10.3;
					};
				};
			};
			buildConfigurationList = C28697CC233912F800885A42 /* Build configuration list for PBXProject "Pig_Roulette" */;
			compatibilityVersion = "Xcode 9.3";
			developmentRegion = en;
			hasScannedForEncodings = 0;
			knownRegions = (
				en,
				Base,
			);
			mainGroup = C28697C8233912F800885A42;
			productRefGroup = C28697D2233912F800885A42 /* Products */;
			projectDirPath = "";
			projectRoot = "";
			targets = (
				C28697D0233912F800885A42 /* Pig_Roulette */,
			);
		};
/* End PBXProject section */

/* Begin PBXResourcesBuildPhase section */
		C28697CF233912F800885A42 /* Resources */ = {
			isa = PBXResourcesBuildPhase;
			buildActionMask = 2147483647;
			files = (
				C28697DF233912FA00885A42 /* LaunchScreen.storyboard in Resources */,
				C28697DC233912FA00885A42 /* Assets.xcassets in Resources */,
				C28697DA233912F800885A42 /* Main.storyboard in Resources */,
			);
			runOnlyForDeploymentPostprocessing = 0;
		};
/* End PBXResourcesBuildPhase section */

/* Begin PBXSourcesBuildPhase section */
		C28697CD233912F800885A42 /* Sources */ = {
			isa = PBXSourcesBuildPhase;
			buildActionMask = 2147483647;
			files = (
				C28697D7233912F800885A42 /* ViewController.swift in Sources */,
				C20AAD01233E51BD004B1248 /* GameSetupViewController.swift in Sources */,
				C28697D5233912F800885A42 /* AppDelegate.swift in Sources */,
			);
			runOnlyForDeploymentPostprocessing = 0;
		};
/* End PBXSourcesBuildPhase section */

/* Begin PBXVariantGroup section */
		C28697D8233912F800885A42 /* Main.storyboard */ = {
			isa = PBXVariantGroup;
			children = (
				C28697D9233912F800885A42 /* Base */,
			);
			name = Main.storyboard;
			sourceTree = "<group>";
		};
		C28697DD233912FA00885A42 /* LaunchScreen.storyboard */ = {
			isa = PBXVariantGroup;
			children = (
				C28697DE233912FA00885A42 /* Base */,
			);
			name = LaunchScreen.storyboard;
			sourceTree = "<group>";
		};
/* End PBXVariantGroup section */

/* Begin XCBuildConfiguration section */
		C28697E1233912FA00885A42 /* Debug */ = {
			isa = XCBuildConfiguration;
			buildSettings = {
				ALWAYS_SEARCH_USER_PATHS = NO;
				CLANG_ANALYZER_NONNULL = YES;
				CLANG_ANALYZER_NUMBER_OBJECT_CONVERSION = YES_AGGRESSIVE;
				CLANG_CXX_LANGUAGE_STANDARD = "gnu++14";
				CLANG_CXX_LIBRARY = "libc++";
				CLANG_ENABLE_MODULES = YES;
				CLANG_ENABLE_OBJC_ARC = YES;
				CLANG_ENABLE_OBJC_WEAK = YES;
				CLANG_WARN_BLOCK_CAPTURE_AUTORELEASING = YES;
				CLANG_WARN_BOOL_CONVERSION = YES;
				CLANG_WARN_COMMA = YES;
				CLANG_WARN_CONSTANT_CONVERSION = YES;
				CLANG_WARN_DEPRECATED_OBJC_IMPLEMENTATIONS = YES;
				CLANG_WARN_DIRECT_OBJC_ISA_USAGE = YES_ERROR;
				CLANG_WARN_DOCUMENTATION_COMMENTS = YES;
				CLANG_WARN_EMPTY_BODY = YES;
				CLANG_WARN_ENUM_CONVERSION = YES;
				CLANG_WARN_INFINITE_RECURSION = YES;
				CLANG_WARN_INT_CONVERSION = YES;
				CLANG_WARN_NON_LITERAL_NULL_CONVERSION = YES;
				CLANG_WARN_OBJC_IMPLICIT_RETAIN_SELF = YES;
				CLANG_WARN_OBJC_LITERAL_CONVERSION = YES;
				CLANG_WARN_OBJC_ROOT_CLASS = YES_ERROR;
				CLANG_WARN_RANGE_LOOP_ANALYSIS = YES;
				CLANG_WARN_STRICT_PROTOTYPES = YES;
				CLANG_WARN_SUSPICIOUS_MOVE = YES;
				CLANG_WARN_UNGUARDED_AVAILABILITY = YES_AGGRESSIVE;
				CLANG_WARN_UNREACHABLE_CODE = YES;
				CLANG_WARN__DUPLICATE_METHOD_MATCH = YES;
				CODE_SIGN_IDENTITY = "iPhone Developer";
				COPY_PHASE_STRIP = NO;
				DEBUG_INFORMATION_FORMAT = dwarf;
				ENABLE_STRICT_OBJC_MSGSEND = YES;
				ENABLE_TESTABILITY = YES;
				GCC_C_LANGUAGE_STANDARD = gnu11;
				GCC_DYNAMIC_NO_PIC = NO;
				GCC_NO_COMMON_BLOCKS = YES;
				GCC_OPTIMIZATION_LEVEL = 0;
				GCC_PREPROCESSOR_DEFINITIONS = (
					"DEBUG=1",
					"$(inherited)",
				);
				GCC_WARN_64_TO_32_BIT_CONVERSION = YES;
				GCC_WARN_ABOUT_RETURN_TYPE = YES_ERROR;
				GCC_WARN_UNDECLARED_SELECTOR = YES;
				GCC_WARN_UNINITIALIZED_AUTOS = YES_AGGRESSIVE;
				GCC_WARN_UNUSED_FUNCTION = YES;
				GCC_WARN_UNUSED_VARIABLE = YES;
				IPHONEOS_DEPLOYMENT_TARGET = 12.4;
				MTL_ENABLE_DEBUG_INFO = INCLUDE_SOURCE;
				MTL_FAST_MATH = YES;
				ONLY_ACTIVE_ARCH = YES;
				SDKROOT = iphoneos;
				SWIFT_ACTIVE_COMPILATION_CONDITIONS = DEBUG;
				SWIFT_OPTIMIZATION_LEVEL = "-Onone";
			};
			name = Debug;
		};
		C28697E2233912FA00885A42 /* Release */ = {
			isa = XCBuildConfiguration;
			buildSettings = {
				ALWAYS_SEARCH_USER_PATHS = NO;
				CLANG_ANALYZER_NONNULL = YES;
				CLANG_ANALYZER_NUMBER_OBJECT_CONVERSION = YES_AGGRESSIVE;
				CLANG_CXX_LANGUAGE_STANDARD = "gnu++14";
				CLANG_CXX_LIBRARY = "libc++";
				CLANG_ENABLE_MODULES = YES;
				CLANG_ENABLE_OBJC_ARC = YES;
				CLANG_ENABLE_OBJC_WEAK = YES;
				CLANG_WARN_BLOCK_CAPTURE_AUTORELEASING = YES;
				CLANG_WARN_BOOL_CONVERSION = YES;
				CLANG_WARN_COMMA = YES;
				CLANG_WARN_CONSTANT_CONVERSION = YES;
				CLANG_WARN_DEPRECATED_OBJC_IMPLEMENTATIONS = YES;
				CLANG_WARN_DIRECT_OBJC_ISA_USAGE = YES_ERROR;
				CLANG_WARN_DOCUMENTATION_COMMENTS = YES;
				CLANG_WARN_EMPTY_BODY = YES;
				CLANG_WARN_ENUM_CONVERSION = YES;
				CLANG_WARN_INFINITE_RECURSION = YES;
				CLANG_WARN_INT_CONVERSION = YES;
				CLANG_WARN_NON_LITERAL_NULL_CONVERSION = YES;
				CLANG_WARN_OBJC_IMPLICIT_RETAIN_SELF = YES;
				CLANG_WARN_OBJC_LITERAL_CONVERSION = YES;
				CLANG_WARN_OBJC_ROOT_CLASS = YES_ERROR;
				CLANG_WARN_RANGE_LOOP_ANALYSIS = YES;
				CLANG_WARN_STRICT_PROTOTYPES = YES;
				CLANG_WARN_SUSPICIOUS_MOVE = YES;
				CLANG_WARN_UNGUARDED_AVAILABILITY = YES_AGGRESSIVE;
				CLANG_WARN_UNREACHABLE_CODE = YES;
				CLANG_WARN__DUPLICATE_METHOD_MATCH = YES;
				CODE_SIGN_IDENTITY = "iPhone Developer";
				COPY_PHASE_STRIP = NO;
				DEBUG_INFORMATION_FORMAT = "dwarf-with-dsym";
				ENABLE_NS_ASSERTIONS = NO;
				ENABLE_STRICT_OBJC_MSGSEND = YES;
				GCC_C_LANGUAGE_STANDARD = gnu11;
				GCC_NO_COMMON_BLOCKS = YES;
				GCC_WARN_64_TO_32_BIT_CONVERSION = YES;
				GCC_WARN_ABOUT_RETURN_TYPE = YES_ERROR;
				GCC_WARN_UNDECLARED_SELECTOR = YES;
				GCC_WARN_UNINITIALIZED_AUTOS = YES_AGGRESSIVE;
				GCC_WARN_UNUSED_FUNCTION = YES;
				GCC_WARN_UNUSED_VARIABLE = YES;
				IPHONEOS_DEPLOYMENT_TARGET = 12.4;
				MTL_ENABLE_DEBUG_INFO = NO;
				MTL_FAST_MATH = YES;
				SDKROOT = iphoneos;
				SWIFT_COMPILATION_MODE = wholemodule;
				SWIFT_OPTIMIZATION_LEVEL = "-O";
				VALIDATE_PRODUCT = YES;
			};
			name = Release;
		};
		C28697E4233912FA00885A42 /* Debug */ = {
			isa = XCBuildConfiguration;
			buildSettings = {
				ASSETCATALOG_COMPILER_APPICON_NAME = AppIcon;
				CODE_SIGN_STYLE = Automatic;
				DEVELOPMENT_TEAM = 8D9GPD358B;
				INFOPLIST_FILE = Pig_Roulette/Info.plist;
				LD_RUNPATH_SEARCH_PATHS = (
					"$(inherited)",
					"@executable_path/Frameworks",
				);
				PRODUCT_BUNDLE_IDENTIFIER = "com.sujayvadlakonda.Pig-Roulette";
				PRODUCT_NAME = "$(TARGET_NAME)";
				SWIFT_VERSION = 5.0;
				TARGETED_DEVICE_FAMILY = "1,2";
			};
			name = Debug;
		};
		C28697E5233912FA00885A42 /* Release */ = {
			isa = XCBuildConfiguration;
			buildSettings = {
				ASSETCATALOG_COMPILER_APPICON_NAME = AppIcon;
				CODE_SIGN_STYLE = Automatic;
				DEVELOPMENT_TEAM = 8D9GPD358B;
				INFOPLIST_FILE = Pig_Roulette/Info.plist;
				LD_RUNPATH_SEARCH_PATHS = (
					"$(inherited)",
					"@executable_path/Frameworks",
				);
				PRODUCT_BUNDLE_IDENTIFIER = "com.sujayvadlakonda.Pig-Roulette";
				PRODUCT_NAME = "$(TARGET_NAME)";
				SWIFT_VERSION = 5.0;
				TARGETED_DEVICE_FAMILY = "1,2";
			};
			name = Release;
		};
/* End XCBuildConfiguration section */

/* Begin XCConfigurationList section */
		C28697CC233912F800885A42 /* Build configuration list for PBXProject "Pig_Roulette" */ = {
			isa = XCConfigurationList;
			buildConfigurations = (
				C28697E1233912FA00885A42 /* Debug */,
				C28697E2233912FA00885A42 /* Release */,
			);
			defaultConfigurationIsVisible = 0;
			defaultConfigurationName = Release;
		};
		C28697E3233912FA00885A42 /* Build configuration list for PBXNativeTarget "Pig_Roulette" */ = {
			isa = XCConfigurationList;
			buildConfigurations = (
				C28697E4233912FA00885A42 /* Debug */,
				C28697E5233912FA00885A42 /* Release */,
			);
			defaultConfigurationIsVisible = 0;
			defaultConfigurationName = Release;
		};
/* End XCConfigurationList section */
	};
	rootObject = C28697C9233912F800885A42 /* Project object */;
}
